# This file is automatically @generated by Cargo.
# It is not intended for manual editing.
version = 4

[[package]]
name = "cubefs"
version = "0.1.1"
dependencies = [
 "kpack",
]

[[package]]
name = "kpack"
version = "0.1.0"
source = "registry+https://github.com/rust-lang/crates.io-index"
checksum = "c0c236ba6b2129fe23420790947408d2f4513b0c0425e947a120ca48552b12d8"
